// !$*UTF8*$!
{
	archiveVersion = 1;
	classes = {
	};
	objectVersion = 46;
	objects = {

/* Begin PBXBuildFile section */
		3931484A1B5300C4006E297D /* AppDelegate.swift in Sources */ = {isa = PBXBuildFile; fileRef = 393148491B5300C4006E297D /* AppDelegate.swift */; };
		3931484C1B5300C4006E297D /* ViewController.swift in Sources */ = {isa = PBXBuildFile; fileRef = 3931484B1B5300C4006E297D /* ViewController.swift */; };
		3931484F1B5300C4006E297D /* Main.storyboard in Resources */ = {isa = PBXBuildFile; fileRef = 3931484D1B5300C4006E297D /* Main.storyboard */; };
		393148511B5300C4006E297D /* Images.xcassets in Resources */ = {isa = PBXBuildFile; fileRef = 393148501B5300C4006E297D /* Images.xcassets */; };
		393148541B5300C4006E297D /* LaunchScreen.xib in Resources */ = {isa = PBXBuildFile; fileRef = 393148521B5300C4006E297D /* LaunchScreen.xib */; };
		393148601B5300C4006E297D /* HappinessTests.swift in Sources */ = {isa = PBXBuildFile; fileRef = 3931485F1B5300C4006E297D /* HappinessTests.swift */; };
/* End PBXBuildFile section */

/* Begin PBXContainerItemProxy section */
		3931485A1B5300C4006E297D /* PBXContainerItemProxy */ = {
			isa = PBXContainerItemProxy;
			containerPortal = 3931483C1B5300C3006E297D /* Project object */;
			proxyType = 1;
			remoteGlobalIDString = 393148431B5300C3006E297D;
			remoteInfo = Happiness;
		};
/* End PBXContainerItemProxy section */

/* Begin PBXFileReference section */
		393148441B5300C3006E297D /* Happiness.app */ = {isa = PBXFileReference; explicitFileType = wrapper.application; includeInIndex = 0; path = Happiness.app; sourceTree = BUILT_PRODUCTS_DIR; };
		393148481B5300C4006E297D /* Info.plist */ = {isa = PBXFileReference; lastKnownFileType = text.plist.xml; path = Info.plist; sourceTree = "<group>"; };
		393148491B5300C4006E297D /* AppDelegate.swift */ = {isa = PBXFileReference; lastKnownFileType = sourcecode.swift; path = AppDelegate.swift; sourceTree = "<group>"; };
		3931484B1B5300C4006E297D /* ViewController.swift */ = {isa = PBXFileReference; lastKnownFileType = sourcecode.swift; path = ViewController.swift; sourceTree = "<group>"; };
		3931484E1B5300C4006E297D /* Base */ = {isa = PBXFileReference; lastKnownFileType = file.storyboard; name = Base; path = Base.lproj/Main.storyboard; sourceTree = "<group>"; };
		393148501B5300C4006E297D /* Images.xcassets */ = {isa = PBXFileReference; lastKnownFileType = folder.assetcatalog; path = Images.xcassets; sourceTree = "<group>"; };
		393148531B5300C4006E297D /* Base */ = {isa = PBXFileReference; lastKnownFileType = file.xib; name = Base; path = Base.lproj/LaunchScreen.xib; sourceTree = "<group>"; };
		393148591B5300C4006E297D /* HappinessTests.xctest */ = {isa = PBXFileReference; explicitFileType = wrapper.cfbundle; includeInIndex = 0; path = HappinessTests.xctest; sourceTree = BUILT_PRODUCTS_DIR; };
		3931485E1B5300C4006E297D /* Info.plist */ = {isa = PBXFileReference; lastKnownFileType = text.plist.xml; path = Info.plist; sourceTree = "<group>"; };
		3931485F1B5300C4006E297D /* HappinessTests.swift */ = {isa = PBXFileReference; lastKnownFileType = sourcecode.swift; path = HappinessTests.swift; sourceTree = "<group>"; };
/* End PBXFileReference section */

/* Begin PBXFrameworksBuildPhase section */
		393148411B5300C3006E297D /* Frameworks */ = {
			isa = PBXFrameworksBuildPhase;
			buildActionMask = 2147483647;
			files = (
			);
			runOnlyForDeploymentPostprocessing = 0;
		};
		393148561B5300C4006E297D /* Frameworks */ = {
			isa = PBXFrameworksBuildPhase;
			buildActionMask = 2147483647;
			files = (
			);
			runOnlyForDeploymentPostprocessing = 0;
		};
/* End PBXFrameworksBuildPhase section */

/* Begin PBXGroup section */
		3931483B1B5300C3006E297D = {
			isa = PBXGroup;
			children = (
				393148461B5300C3006E297D /* Happiness */,
				3931485C1B5300C4006E297D /* HappinessTests */,
				393148451B5300C3006E297D /* Products */,
			);
			sourceTree = "<group>";
		};
		393148451B5300C3006E297D /* Products */ = {
			isa = PBXGroup;
			children = (
				393148441B5300C3006E297D /* Happiness.app */,
				393148591B5300C4006E297D /* HappinessTests.xctest */,
			);
			name = Products;
			sourceTree = "<group>";
		};
		393148461B5300C3006E297D /* Happiness */ = {
			isa = PBXGroup;
			children = (
				393148491B5300C4006E297D /* AppDelegate.swift */,
				3931484B1B5300C4006E297D /* ViewController.swift */,
				3931484D1B5300C4006E297D /* Main.storyboard */,
				393148501B5300C4006E297D /* Images.xcassets */,
				393148521B5300C4006E297D /* LaunchScreen.xib */,
				393148471B5300C3006E297D /* Supporting Files */,
			);
			path = Happiness;
			sourceTree = "<group>";
		};
		393148471B5300C3006E297D /* Supporting Files */ = {
			isa = PBXGroup;
			children = (
				393148481B5300C4006E297D /* Info.plist */,
			);
			name = "Supporting Files";
			sourceTree = "<group>";
		};
		3931485C1B5300C4006E297D /* HappinessTests */ = {
			isa = PBXGroup;
			children = (
				3931485F1B5300C4006E297D /* HappinessTests.swift */,
				3931485D1B5300C4006E297D /* Supporting Files */,
			);
			path = HappinessTests;
			sourceTree = "<group>";
		};
		3931485D1B5300C4006E297D /* Supporting Files */ = {
			isa = PBXGroup;
			children = (
				3931485E1B5300C4006E297D /* Info.plist */,
			);
			name = "Supporting Files";
			sourceTree = "<group>";
		};
/* End PBXGroup section */

/* Begin PBXNativeTarget section */
		393148431B5300C3006E297D /* Happiness */ = {
			isa = PBXNativeTarget;
			buildConfigurationList = 393148631B5300C4006E297D /* Build configuration list for PBXNativeTarget "Happiness" */;
			buildPhases = (
				393148401B5300C3006E297D /* Sources */,
				393148411B5300C3006E297D /* Frameworks */,
				393148421B5300C3006E297D /* Resources */,
			);
			buildRules = (
			);
			dependencies = (
			);
			name = Happiness;
			productName = Happiness;
			productReference = 393148441B5300C3006E297D /* Happiness.app */;
			productType = "com.apple.product-type.application";
		};
		393148581B5300C4006E297D /* HappinessTests */ = {
			isa = PBXNativeTarget;
			buildConfigurationList = 393148661B5300C4006E297D /* Build configuration list for PBXNativeTarget "HappinessTests" */;
			buildPhases = (
				393148551B5300C4006E297D /* Sources */,
				393148561B5300C4006E297D /* Frameworks */,
				393148571B5300C4006E297D /* Resources */,
			);
			buildRules = (
			);
			dependencies = (
				3931485B1B5300C4006E297D /* PBXTargetDependency */,
			);
			name = HappinessTests;
			productName = HappinessTests;
			productReference = 393148591B5300C4006E297D /* HappinessTests.xctest */;
			productType = "com.apple.product-type.bundle.unit-test";
		};
/* End PBXNativeTarget section */

/* Begin PBXProject section */
		3931483C1B5300C3006E297D /* Project object */ = {
			isa = PBXProject;
			attributes = {
				LastUpgradeCheck = 0630;
				ORGANIZATIONNAME = "jose pplloo";
				TargetAttributes = {
					393148431B5300C3006E297D = {
						CreatedOnToolsVersion = 6.3.2;
					};
					393148581B5300C4006E297D = {
						CreatedOnToolsVersion = 6.3.2;
						TestTargetID = 393148431B5300C3006E297D;
					};
				};
			};
			buildConfigurationList = 3931483F1B5300C3006E297D /* Build configuration list for PBXProject "Happiness" */;
			compatibilityVersion = "Xcode 3.2";
			developmentRegion = English;
			hasScannedForEncodings = 0;
			knownRegions = (
				en,
				Base,
			);
			mainGroup = 3931483B1B5300C3006E297D;
			productRefGroup = 393148451B5300C3006E297D /* Products */;
			projectDirPath = "";
			projectRoot = "";
			targets = (
				393148431B5300C3006E297D /* Happiness */,
				393148581B5300C4006E297D /* HappinessTests */,
			);
		};
/* End PBXProject section */

/* Begin PBXResourcesBuildPhase section */
		393148421B5300C3006E297D /* Resources */ = {
			isa = PBXResourcesBuildPhase;
			buildActionMask = 2147483647;
			files = (
				3931484F1B5300C4006E297D /* Main.storyboard in Resources */,
				393148541B5300C4006E297D /* LaunchScreen.xib in Resources */,
				393148511B5300C4006E297D /* Images.xcassets in Resources */,
			);
			runOnlyForDeploymentPostprocessing = 0;
		};
		393148571B5300C4006E297D /* Resources */ = {
			isa = PBXResourcesBuildPhase;
			buildActionMask = 2147483647;
			files = (
			);
			runOnlyForDeploymentPostprocessing = 0;
		};
/* End PBXResourcesBuildPhase section */

/* Begin PBXSourcesBuildPhase section */
		393148401B5300C3006E297D /* Sources */ = {
			isa = PBXSourcesBuildPhase;
			buildActionMask = 2147483647;
			files = (
				3931484C1B5300C4006E297D /* ViewController.swift in Sources */,
				3931484A1B5300C4006E297D /* AppDelegate.swift in Sources */,
			);
			runOnlyForDeploymentPostprocessing = 0;
		};
		393148551B5300C4006E297D /* Sources */ = {
			isa = PBXSourcesBuildPhase;
			buildActionMask = 2147483647;
			files = (
				393148601B5300C4006E297D /* HappinessTests.swift in Sources */,
			);
			runOnlyForDeploymentPostprocessing = 0;
		};
/* End PBXSourcesBuildPhase section */

/* Begin PBXTargetDependency section */
		3931485B1B5300C4006E297D /* PBXTargetDependency */ = {
			isa = PBXTargetDependency;
			target = 393148431B5300C3006E297D /* Happiness */;
			targetProxy = 3931485A1B5300C4006E297D /* PBXContainerItemProxy */;
		};
/* End PBXTargetDependency section */

/* Begin PBXVariantGroup section */
		3931484D1B5300C4006E297D /* Main.storyboard */ = {
			isa = PBXVariantGroup;
			children = (
				3931484E1B5300C4006E297D /* Base */,
			);
			name = Main.storyboard;
			sourceTree = "<group>";
		};
		393148521B5300C4006E297D /* LaunchScreen.xib */ = {
			isa = PBXVariantGroup;
			children = (
				393148531B5300C4006E297D /* Base */,
			);
			name = LaunchScreen.xib;
			sourceTree = "<group>";
		};
/* End PBXVariantGroup section */

/* Begin XCBuildConfiguration section */
		393148611B5300C4006E297D /* Debug */ = {
			isa = XCBuildConfiguration;
			buildSettings = {
				ALWAYS_SEARCH_USER_PATHS = NO;
				CLANG_CXX_LANGUAGE_STANDARD = "gnu++0x";
				CLANG_CXX_LIBRARY = "libc++";
				CLANG_ENABLE_MODULES = YES;
				CLANG_ENABLE_OBJC_ARC = YES;
				CLANG_WARN_BOOL_CONVERSION = YES;
				CLANG_WARN_CONSTANT_CONVERSION = YES;
				CLANG_WARN_DIRECT_OBJC_ISA_USAGE = YES_ERROR;
				CLANG_WARN_EMPTY_BODY = YES;
				CLANG_WARN_ENUM_CONVERSION = YES;
				CLANG_WARN_INT_CONVERSION = YES;
				CLANG_WARN_OBJC_ROOT_CLASS = YES_ERROR;
				CLANG_WARN_UNREACHABLE_CODE = YES;
				CLANG_WARN__DUPLICATE_METHOD_MATCH = YES;
				"CODE_SIGN_IDENTITY[sdk=iphoneos*]" = "iPhone Developer";
				COPY_PHASE_STRIP = NO;
				DEBUG_INFORMATION_FORMAT = "dwarf-with-dsym";
				ENABLE_STRICT_OBJC_MSGSEND = YES;
				GCC_C_LANGUAGE_STANDARD = gnu99;
				GCC_DYNAMIC_NO_PIC = NO;
				GCC_NO_COMMON_BLOCKS = YES;
				GCC_OPTIMIZATION_LEVEL = 0;
				GCC_PREPROCESSOR_DEFINITIONS = (
					"DEBUG=1",
					"$(inherited)",
				);
				GCC_SYMBOLS_PRIVATE_EXTERN = NO;
				GCC_WARN_64_TO_32_BIT_CONVERSION = YES;
				GCC_WARN_ABOUT_RETURN_TYPE = YES_ERROR;
				GCC_WARN_UNDECLARED_SELECTOR = YES;
				GCC_WARN_UNINITIALIZED_AUTOS = YES_AGGRESSIVE;
				GCC_WARN_UNUSED_FUNCTION = YES;
				GCC_WARN_UNUSED_VARIABLE = YES;
				IPHONEOS_DEPLOYMENT_TARGET = 8.3;
				MTL_ENABLE_DEBUG_INFO = YES;
				ONLY_ACTIVE_ARCH = YES;
				SDKROOT = iphoneos;
				SWIFT_OPTIMIZATION_LEVEL = "-Onone";
				TARGETED_DEVICE_FAMILY = "1,2";
			};
			name = Debug;
		};
		393148621B5300C4006E297D /* Release */ = {
			isa = XCBuildConfiguration;
			buildSettings = {
				ALWAYS_SEARCH_USER_PATHS = NO;
				CLANG_CXX_LANGUAGE_STANDARD = "gnu++0x";
				CLANG_CXX_LIBRARY = "libc++";
				CLANG_ENABLE_MODULES = YES;
				CLANG_ENABLE_OBJC_ARC = YES;
				CLANG_WARN_BOOL_CONVERSION = YES;
				CLANG_WARN_CONSTANT_CONVERSION = YES;
				CLANG_WARN_DIRECT_OBJC_ISA_USAGE = YES_ERROR;
				CLANG_WARN_EMPTY_BODY = YES;
				CLANG_WARN_ENUM_CONVERSION = YES;
				CLANG_WARN_INT_CONVERSION = YES;
				CLANG_WARN_OBJC_ROOT_CLASS = YES_ERROR;
				CLANG_WARN_UNREACHABLE_CODE = YES;
				CLANG_WARN__DUPLICATE_METHOD_MATCH = YES;
				"CODE_SIGN_IDENTITY[sdk=iphoneos*]" = "iPhone Developer";
				COPY_PHASE_STRIP = NO;
				DEBUG_INFORMATION_FORMAT = "dwarf-with-dsym";
				ENABLE_NS_ASSERTIONS = NO;
				ENABLE_STRICT_OBJC_MSGSEND = YES;
				GCC_C_LANGUAGE_STANDARD = gnu99;
				GCC_NO_COMMON_BLOCKS = YES;
				GCC_WARN_64_TO_32_BIT_CONVERSION = YES;
				GCC_WARN_ABOUT_RETURN_TYPE = YES_ERROR;
				GCC_WARN_UNDECLARED_SELECTOR = YES;
				GCC_WARN_UNINITIALIZED_AUTOS = YES_AGGRESSIVE;
				GCC_WARN_UNUSED_FUNCTION = YES;
				GCC_WARN_UNUSED_VARIABLE = YES;
				IPHONEOS_DEPLOYMENT_TARGET = 8.3;
				MTL_ENABLE_DEBUG_INFO = NO;
				SDKROOT = iphoneos;
				TARGETED_DEVICE_FAMILY = "1,2";
				VALIDATE_PRODUCT = YES;
			};
			name = Release;
		};
		393148641B5300C4006E297D /* Debug */ = {
			isa = XCBuildConfiguration;
			buildSettings = {
				ASSETCATALOG_COMPILER_APPICON_NAME = AppIcon;
				INFOPLIST_FILE = Happiness/Info.plist;
				LD_RUNPATH_SEARCH_PATHS = "$(inherited) @executable_path/Frameworks";
				PRODUCT_NAME = "$(TARGET_NAME)";
			};
			name = Debug;
		};
		393148651B5300C4006E297D /* Release */ = {
			isa = XCBuildConfiguration;
			buildSettings = {
				ASSETCATALOG_COMPILER_APPICON_NAME = AppIcon;
				INFOPLIST_FILE = Happiness/Info.plist;
				LD_RUNPATH_SEARCH_PATHS = "$(inherited) @executable_path/Frameworks";
				PRODUCT_NAME = "$(TARGET_NAME)";
			};
			name = Release;
		};
		393148671B5300C4006E297D /* Debug */ = {
			isa = XCBuildConfiguration;
			buildSettings = {
				BUNDLE_LOADER = "$(TEST_HOST)";
				FRAMEWORK_SEARCH_PATHS = (
					"$(SDKROOT)/Developer/Library/Frameworks",
					"$(inherited)",
				);
				GCC_PREPROCESSOR_DEFINITIONS = (
					"DEBUG=1",
					"$(inherited)",
				);
				INFOPLIST_FILE = HappinessTests/Info.plist;
				LD_RUNPATH_SEARCH_PATHS = "$(inherited) @executable_path/Frameworks @loader_path/Frameworks";
				PRODUCT_NAME = "$(TARGET_NAME)";
				TEST_HOST = "$(BUILT_PRODUCTS_DIR)/Happiness.app/Happiness";
			};
			name = Debug;
		};
		393148681B5300C4006E297D /* Release */ = {
			isa = XCBuildConfiguration;
			buildSettings = {
				BUNDLE_LOADER = "$(TEST_HOST)";
				FRAMEWORK_SEARCH_PATHS = (
					"$(SDKROOT)/Developer/Library/Frameworks",
					"$(inherited)",
				);
				INFOPLIST_FILE = HappinessTests/Info.plist;
				LD_RUNPATH_SEARCH_PATHS = "$(inherited) @executable_path/Frameworks @loader_path/Frameworks";
				PRODUCT_NAME = "$(TARGET_NAME)";
				TEST_HOST = "$(BUILT_PRODUCTS_DIR)/Happiness.app/Happiness";
			};
			name = Release;
		};
/* End XCBuildConfiguration section */

/* Begin XCConfigurationList section */
		3931483F1B5300C3006E297D /* Build configuration list for PBXProject "Happiness" */ = {
			isa = XCConfigurationList;
			buildConfigurations = (
				393148611B5300C4006E297D /* Debug */,
				393148621B5300C4006E297D /* Release */,
			);
			defaultConfigurationIsVisible = 0;
			defaultConfigurationName = Release;
		};
		393148631B5300C4006E297D /* Build configuration list for PBXNativeTarget "Happiness" */ = {
			isa = XCConfigurationList;
			buildConfigurations = (
				393148641B5300C4006E297D /* Debug */,
				393148651B5300C4006E297D /* Release */,
			);
			defaultConfigurationIsVisible = 0;
		};
		393148661B5300C4006E297D /* Build configuration list for PBXNativeTarget "HappinessTests" */ = {
			isa = XCConfigurationList;
			buildConfigurations = (
				393148671B5300C4006E297D /* Debug */,
				393148681B5300C4006E297D /* Release */,
			);
			defaultConfigurationIsVisible = 0;
		};
/* End XCConfigurationList section */
	};
	rootObject = 3931483C1B5300C3006E297D /* Project object */;
}
